
Microsoft Visual Studio Solution File, Format Version 12.00
# Visual Studio Version 17
VisualStudioVersion = 17.13.35825.156 d17.13
MinimumVisualStudioVersion = 10.0.40219.1
Project("{FAE04EC0-301F-11D3-BF4B-00C04F79EFBC}") = "Yılanoyunu", "Yılanoyunu\Yılanoyunu.csproj", "{DBC486B3-DEBE-4067-A423-041E0CD396E9}"
EndProject
Global
	GlobalSection(SolutionConfigurationPlatforms) = preSolution
		Debug|Any CPU = Debug|Any CPU
		Release|Any CPU = Release|Any CPU
	EndGlobalSection
	GlobalSection(ProjectConfigurationPlatforms) = postSolution
		{DBC486B3-DEBE-4067-A423-041E0CD396E9}.Debug|Any CPU.ActiveCfg = Debug|Any CPU
		{DBC486B3-DEBE-4067-A423-041E0CD396E9}.Debug|Any CPU.Build.0 = Debug|Any CPU
		{DBC486B3-DEBE-4067-A423-041E0CD396E9}.Release|Any CPU.ActiveCfg = Release|Any CPU
		{DBC486B3-DEBE-4067-A423-041E0CD396E9}.Release|Any CPU.Build.0 = Release|Any CPU
	EndGlobalSection
	GlobalSection(SolutionProperties) = preSolution
		HideSolutionNode = FALSE
	EndGlobalSection
	GlobalSection(ExtensibilityGlobals) = postSolution
		SolutionGuid = {1AB37955-E87D-4E42-8952-348A5560C85E}
	EndGlobalSection
EndGlobal
